// !$*UTF8*$!
{
	archiveVersion = 1;
	classes = {
	};
	objectVersion = 50;
	objects = {

/* Begin PBXBuildFile section */
		7063DF332174C8B3003CBFDE /* AppDelegate.swift in Sources */ = {isa = PBXBuildFile; fileRef = 7063DF322174C8B3003CBFDE /* AppDelegate.swift */; };
		7063DF352174C8B3003CBFDE /* ViewController.swift in Sources */ = {isa = PBXBuildFile; fileRef = 7063DF342174C8B3003CBFDE /* ViewController.swift */; };
		7063DF382174C8B3003CBFDE /* Main.storyboard in Resources */ = {isa = PBXBuildFile; fileRef = 7063DF362174C8B3003CBFDE /* Main.storyboard */; };
		7063DF3A2174C8BC003CBFDE /* Assets.xcassets in Resources */ = {isa = PBXBuildFile; fileRef = 7063DF392174C8BC003CBFDE /* Assets.xcassets */; };
		7063DF3D2174C8BC003CBFDE /* LaunchScreen.storyboard in Resources */ = {isa = PBXBuildFile; fileRef = 7063DF3B2174C8BC003CBFDE /* LaunchScreen.storyboard */; };
		7063DF482174C8BC003CBFDE /* GitHubTestiTests.swift in Sources */ = {isa = PBXBuildFile; fileRef = 7063DF472174C8BC003CBFDE /* GitHubTestiTests.swift */; };
		7063DF532174C8BC003CBFDE /* GitHubTestiUITests.swift in Sources */ = {isa = PBXBuildFile; fileRef = 7063DF522174C8BC003CBFDE /* GitHubTestiUITests.swift */; };
/* End PBXBuildFile section */

/* Begin PBXContainerItemProxy section */
		7063DF442174C8BC003CBFDE /* PBXContainerItemProxy */ = {
			isa = PBXContainerItemProxy;
			containerPortal = 7063DF272174C8B3003CBFDE /* Project object */;
			proxyType = 1;
			remoteGlobalIDString = 7063DF2E2174C8B3003CBFDE;
			remoteInfo = GitHubTesti;
		};
		7063DF4F2174C8BC003CBFDE /* PBXContainerItemProxy */ = {
			isa = PBXContainerItemProxy;
			containerPortal = 7063DF272174C8B3003CBFDE /* Project object */;
			proxyType = 1;
			remoteGlobalIDString = 7063DF2E2174C8B3003CBFDE;
			remoteInfo = GitHubTesti;
		};
/* End PBXContainerItemProxy section */

/* Begin PBXFileReference section */
		7063DF2F2174C8B3003CBFDE /* GitHubTesti.app */ = {isa = PBXFileReference; explicitFileType = wrapper.application; includeInIndex = 0; path = GitHubTesti.app; sourceTree = BUILT_PRODUCTS_DIR; };
		7063DF322174C8B3003CBFDE /* AppDelegate.swift */ = {isa = PBXFileReference; lastKnownFileType = sourcecode.swift; path = AppDelegate.swift; sourceTree = "<group>"; };
		7063DF342174C8B3003CBFDE /* ViewController.swift */ = {isa = PBXFileReference; lastKnownFileType = sourcecode.swift; path = ViewController.swift; sourceTree = "<group>"; };
		7063DF372174C8B3003CBFDE /* Base */ = {isa = PBXFileReference; lastKnownFileType = file.storyboard; name = Base; path = Base.lproj/Main.storyboard; sourceTree = "<group>"; };
		7063DF392174C8BC003CBFDE /* Assets.xcassets */ = {isa = PBXFileReference; lastKnownFileType = folder.assetcatalog; path = Assets.xcassets; sourceTree = "<group>"; };
		7063DF3C2174C8BC003CBFDE /* Base */ = {isa = PBXFileReference; lastKnownFileType = file.storyboard; name = Base; path = Base.lproj/LaunchScreen.storyboard; sourceTree = "<group>"; };
		7063DF3E2174C8BC003CBFDE /* Info.plist */ = {isa = PBXFileReference; lastKnownFileType = text.plist.xml; path = Info.plist; sourceTree = "<group>"; };
		7063DF432174C8BC003CBFDE /* GitHubTestiTests.xctest */ = {isa = PBXFileReference; explicitFileType = wrapper.cfbundle; includeInIndex = 0; path = GitHubTestiTests.xctest; sourceTree = BUILT_PRODUCTS_DIR; };
		7063DF472174C8BC003CBFDE /* GitHubTestiTests.swift */ = {isa = PBXFileReference; lastKnownFileType = sourcecode.swift; path = GitHubTestiTests.swift; sourceTree = "<group>"; };
		7063DF492174C8BC003CBFDE /* Info.plist */ = {isa = PBXFileReference; lastKnownFileType = text.plist.xml; path = Info.plist; sourceTree = "<group>"; };
		7063DF4E2174C8BC003CBFDE /* GitHubTestiUITests.xctest */ = {isa = PBXFileReference; explicitFileType = wrapper.cfbundle; includeInIndex = 0; path = GitHubTestiUITests.xctest; sourceTree = BUILT_PRODUCTS_DIR; };
		7063DF522174C8BC003CBFDE /* GitHubTestiUITests.swift */ = {isa = PBXFileReference; lastKnownFileType = sourcecode.swift; path = GitHubTestiUITests.swift; sourceTree = "<group>"; };
		7063DF542174C8BC003CBFDE /* Info.plist */ = {isa = PBXFileReference; lastKnownFileType = text.plist.xml; path = Info.plist; sourceTree = "<group>"; };
/* End PBXFileReference section */

/* Begin PBXFrameworksBuildPhase section */
		7063DF2C2174C8B3003CBFDE /* Frameworks */ = {
			isa = PBXFrameworksBuildPhase;
			buildActionMask = 2147483647;
			files = (
			);
			runOnlyForDeploymentPostprocessing = 0;
		};
		7063DF402174C8BC003CBFDE /* Frameworks */ = {
			isa = PBXFrameworksBuildPhase;
			buildActionMask = 2147483647;
			files = (
			);
			runOnlyForDeploymentPostprocessing = 0;
		};
		7063DF4B2174C8BC003CBFDE /* Frameworks */ = {
			isa = PBXFrameworksBuildPhase;
			buildActionMask = 2147483647;
			files = (
			);
			runOnlyForDeploymentPostprocessing = 0;
		};
/* End PBXFrameworksBuildPhase section */

/* Begin PBXGroup section */
		7063DF262174C8B3003CBFDE = {
			isa = PBXGroup;
			children = (
				7063DF312174C8B3003CBFDE /* GitHubTesti */,
				7063DF462174C8BC003CBFDE /* GitHubTestiTests */,
				7063DF512174C8BC003CBFDE /* GitHubTestiUITests */,
				7063DF302174C8B3003CBFDE /* Products */,
			);
			sourceTree = "<group>";
		};
		7063DF302174C8B3003CBFDE /* Products */ = {
			isa = PBXGroup;
			children = (
				7063DF2F2174C8B3003CBFDE /* GitHubTesti.app */,
				7063DF432174C8BC003CBFDE /* GitHubTestiTests.xctest */,
				7063DF4E2174C8BC003CBFDE /* GitHubTestiUITests.xctest */,
			);
			name = Products;
			sourceTree = "<group>";
		};
		7063DF312174C8B3003CBFDE /* GitHubTesti */ = {
			isa = PBXGroup;
			children = (
				7063DF322174C8B3003CBFDE /* AppDelegate.swift */,
				7063DF342174C8B3003CBFDE /* ViewController.swift */,
				7063DF362174C8B3003CBFDE /* Main.storyboard */,
				7063DF392174C8BC003CBFDE /* Assets.xcassets */,
				7063DF3B2174C8BC003CBFDE /* LaunchScreen.storyboard */,
				7063DF3E2174C8BC003CBFDE /* Info.plist */,
			);
			path = GitHubTesti;
			sourceTree = "<group>";
		};
		7063DF462174C8BC003CBFDE /* GitHubTestiTests */ = {
			isa = PBXGroup;
			children = (
				7063DF472174C8BC003CBFDE /* GitHubTestiTests.swift */,
				7063DF492174C8BC003CBFDE /* Info.plist */,
			);
			path = GitHubTestiTests;
			sourceTree = "<group>";
		};
		7063DF512174C8BC003CBFDE /* GitHubTestiUITests */ = {
			isa = PBXGroup;
			children = (
				7063DF522174C8BC003CBFDE /* GitHubTestiUITests.swift */,
				7063DF542174C8BC003CBFDE /* Info.plist */,
			);
			path = GitHubTestiUITests;
			sourceTree = "<group>";
		};
/* End PBXGroup section */

/* Begin PBXNativeTarget section */
		7063DF2E2174C8B3003CBFDE /* GitHubTesti */ = {
			isa = PBXNativeTarget;
			buildConfigurationList = 7063DF572174C8BC003CBFDE /* Build configuration list for PBXNativeTarget "GitHubTesti" */;
			buildPhases = (
				7063DF2B2174C8B3003CBFDE /* Sources */,
				7063DF2C2174C8B3003CBFDE /* Frameworks */,
				7063DF2D2174C8B3003CBFDE /* Resources */,
			);
			buildRules = (
			);
			dependencies = (
			);
			name = GitHubTesti;
			productName = GitHubTesti;
			productReference = 7063DF2F2174C8B3003CBFDE /* GitHubTesti.app */;
			productType = "com.apple.product-type.application";
		};
		7063DF422174C8BC003CBFDE /* GitHubTestiTests */ = {
			isa = PBXNativeTarget;
			buildConfigurationList = 7063DF5A2174C8BC003CBFDE /* Build configuration list for PBXNativeTarget "GitHubTestiTests" */;
			buildPhases = (
				7063DF3F2174C8BC003CBFDE /* Sources */,
				7063DF402174C8BC003CBFDE /* Frameworks */,
				7063DF412174C8BC003CBFDE /* Resources */,
			);
			buildRules = (
			);
			dependencies = (
				7063DF452174C8BC003CBFDE /* PBXTargetDependency */,
			);
			name = GitHubTestiTests;
			productName = GitHubTestiTests;
			productReference = 7063DF432174C8BC003CBFDE /* GitHubTestiTests.xctest */;
			productType = "com.apple.product-type.bundle.unit-test";
		};
		7063DF4D2174C8BC003CBFDE /* GitHubTestiUITests */ = {
			isa = PBXNativeTarget;
			buildConfigurationList = 7063DF5D2174C8BC003CBFDE /* Build configuration list for PBXNativeTarget "GitHubTestiUITests" */;
			buildPhases = (
				7063DF4A2174C8BC003CBFDE /* Sources */,
				7063DF4B2174C8BC003CBFDE /* Frameworks */,
				7063DF4C2174C8BC003CBFDE /* Resources */,
			);
			buildRules = (
			);
			dependencies = (
				7063DF502174C8BC003CBFDE /* PBXTargetDependency */,
			);
			name = GitHubTestiUITests;
			productName = GitHubTestiUITests;
			productReference = 7063DF4E2174C8BC003CBFDE /* GitHubTestiUITests.xctest */;
			productType = "com.apple.product-type.bundle.ui-testing";
		};
/* End PBXNativeTarget section */

/* Begin PBXProject section */
		7063DF272174C8B3003CBFDE /* Project object */ = {
			isa = PBXProject;
			attributes = {
				LastSwiftUpdateCheck = 1000;
				LastUpgradeCheck = 1000;
				ORGANIZATIONNAME = "mTL NARESH";
				TargetAttributes = {
					7063DF2E2174C8B3003CBFDE = {
						CreatedOnToolsVersion = 10.0;
					};
					7063DF422174C8BC003CBFDE = {
						CreatedOnToolsVersion = 10.0;
						TestTargetID = 7063DF2E2174C8B3003CBFDE;
					};
					7063DF4D2174C8BC003CBFDE = {
						CreatedOnToolsVersion = 10.0;
						TestTargetID = 7063DF2E2174C8B3003CBFDE;
					};
				};
			};
			buildConfigurationList = 7063DF2A2174C8B3003CBFDE /* Build configuration list for PBXProject "GitHubTesti" */;
			compatibilityVersion = "Xcode 9.3";
			developmentRegion = en;
			hasScannedForEncodings = 0;
			knownRegions = (
				en,
				Base,
			);
			mainGroup = 7063DF262174C8B3003CBFDE;
			productRefGroup = 7063DF302174C8B3003CBFDE /* Products */;
			projectDirPath = "";
			projectRoot = "";
			targets = (
				7063DF2E2174C8B3003CBFDE /* GitHubTesti */,
				7063DF422174C8BC003CBFDE /* GitHubTestiTests */,
				7063DF4D2174C8BC003CBFDE /* GitHubTestiUITests */,
			);
		};
/* End PBXProject section */

/* Begin PBXResourcesBuildPhase section */
		7063DF2D2174C8B3003CBFDE /* Resources */ = {
			isa = PBXResourcesBuildPhase;
			buildActionMask = 2147483647;
			files = (
				7063DF3D2174C8BC003CBFDE /* LaunchScreen.storyboard in Resources */,
				7063DF3A2174C8BC003CBFDE /* Assets.xcassets in Resources */,
				7063DF382174C8B3003CBFDE /* Main.storyboard in Resources */,
			);
			runOnlyForDeploymentPostprocessing = 0;
		};
		7063DF412174C8BC003CBFDE /* Resources */ = {
			isa = PBXResourcesBuildPhase;
			buildActionMask = 2147483647;
			files = (
			);
			runOnlyForDeploymentPostprocessing = 0;
		};
		7063DF4C2174C8BC003CBFDE /* Resources */ = {
			isa = PBXResourcesBuildPhase;
			buildActionMask = 2147483647;
			files = (
			);
			runOnlyForDeploymentPostprocessing = 0;
		};
/* End PBXResourcesBuildPhase section */

/* Begin PBXSourcesBuildPhase section */
		7063DF2B2174C8B3003CBFDE /* Sources */ = {
			isa = PBXSourcesBuildPhase;
			buildActionMask = 2147483647;
			files = (
				7063DF352174C8B3003CBFDE /* ViewController.swift in Sources */,
				7063DF332174C8B3003CBFDE /* AppDelegate.swift in Sources */,
			);
			runOnlyForDeploymentPostprocessing = 0;
		};
		7063DF3F2174C8BC003CBFDE /* Sources */ = {
			isa = PBXSourcesBuildPhase;
			buildActionMask = 2147483647;
			files = (
				7063DF482174C8BC003CBFDE /* GitHubTestiTests.swift in Sources */,
			);
			runOnlyForDeploymentPostprocessing = 0;
		};
		7063DF4A2174C8BC003CBFDE /* Sources */ = {
			isa = PBXSourcesBuildPhase;
			buildActionMask = 2147483647;
			files = (
				7063DF532174C8BC003CBFDE /* GitHubTestiUITests.swift in Sources */,
			);
			runOnlyForDeploymentPostprocessing = 0;
		};
/* End PBXSourcesBuildPhase section */

/* Begin PBXTargetDependency section */
		7063DF452174C8BC003CBFDE /* PBXTargetDependency */ = {
			isa = PBXTargetDependency;
			target = 7063DF2E2174C8B3003CBFDE /* GitHubTesti */;
			targetProxy = 7063DF442174C8BC003CBFDE /* PBXContainerItemProxy */;
		};
		7063DF502174C8BC003CBFDE /* PBXTargetDependency */ = {
			isa = PBXTargetDependency;
			target = 7063DF2E2174C8B3003CBFDE /* GitHubTesti */;
			targetProxy = 7063DF4F2174C8BC003CBFDE /* PBXContainerItemProxy */;
		};
/* End PBXTargetDependency section */

/* Begin PBXVariantGroup section */
		7063DF362174C8B3003CBFDE /* Main.storyboard */ = {
			isa = PBXVariantGroup;
			children = (
				7063DF372174C8B3003CBFDE /* Base */,
			);
			name = Main.storyboard;
			sourceTree = "<group>";
		};
		7063DF3B2174C8BC003CBFDE /* LaunchScreen.storyboard */ = {
			isa = PBXVariantGroup;
			children = (
				7063DF3C2174C8BC003CBFDE /* Base */,
			);
			name = LaunchScreen.storyboard;
			sourceTree = "<group>";
		};
/* End PBXVariantGroup section */

/* Begin XCBuildConfiguration section */
		7063DF552174C8BC003CBFDE /* Debug */ = {
			isa = XCBuildConfiguration;
			buildSettings = {
				ALWAYS_SEARCH_USER_PATHS = NO;
				CLANG_ANALYZER_NONNULL = YES;
				CLANG_ANALYZER_NUMBER_OBJECT_CONVERSION = YES_AGGRESSIVE;
				CLANG_CXX_LANGUAGE_STANDARD = "gnu++14";
				CLANG_CXX_LIBRARY = "libc++";
				CLANG_ENABLE_MODULES = YES;
				CLANG_ENABLE_OBJC_ARC = YES;
				CLANG_ENABLE_OBJC_WEAK = YES;
				CLANG_WARN_BLOCK_CAPTURE_AUTORELEASING = YES;
				CLANG_WARN_BOOL_CONVERSION = YES;
				CLANG_WARN_COMMA = YES;
				CLANG_WARN_CONSTANT_CONVERSION = YES;
				CLANG_WARN_DEPRECATED_OBJC_IMPLEMENTATIONS = YES;
				CLANG_WARN_DIRECT_OBJC_ISA_USAGE = YES_ERROR;
				CLANG_WARN_DOCUMENTATION_COMMENTS = YES;
				CLANG_WARN_EMPTY_BODY = YES;
				CLANG_WARN_ENUM_CONVERSION = YES;
				CLANG_WARN_INFINITE_RECURSION = YES;
				CLANG_WARN_INT_CONVERSION = YES;
				CLANG_WARN_NON_LITERAL_NULL_CONVERSION = YES;
				CLANG_WARN_OBJC_IMPLICIT_RETAIN_SELF = YES;
				CLANG_WARN_OBJC_LITERAL_CONVERSION = YES;
				CLANG_WARN_OBJC_ROOT_CLASS = YES_ERROR;
				CLANG_WARN_RANGE_LOOP_ANALYSIS = YES;
				CLANG_WARN_STRICT_PROTOTYPES = YES;
				CLANG_WARN_SUSPICIOUS_MOVE = YES;
				CLANG_WARN_UNGUARDED_AVAILABILITY = YES_AGGRESSIVE;
				CLANG_WARN_UNREACHABLE_CODE = YES;
				CLANG_WARN__DUPLICATE_METHOD_MATCH = YES;
				CODE_SIGN_IDENTITY = "iPhone Developer";
				COPY_PHASE_STRIP = NO;
				DEBUG_INFORMATION_FORMAT = dwarf;
				ENABLE_STRICT_OBJC_MSGSEND = YES;
				ENABLE_TESTABILITY = YES;
				GCC_C_LANGUAGE_STANDARD = gnu11;
				GCC_DYNAMIC_NO_PIC = NO;
				GCC_NO_COMMON_BLOCKS = YES;
				GCC_OPTIMIZATION_LEVEL = 0;
				GCC_PREPROCESSOR_DEFINITIONS = (
					"DEBUG=1",
					"$(inherited)",
				);
				GCC_WARN_64_TO_32_BIT_CONVERSION = YES;
				GCC_WARN_ABOUT_RETURN_TYPE = YES_ERROR;
				GCC_WARN_UNDECLARED_SELECTOR = YES;
				GCC_WARN_UNINITIALIZED_AUTOS = YES_AGGRESSIVE;
				GCC_WARN_UNUSED_FUNCTION = YES;
				GCC_WARN_UNUSED_VARIABLE = YES;
				IPHONEOS_DEPLOYMENT_TARGET = 12.0;
				MTL_ENABLE_DEBUG_INFO = INCLUDE_SOURCE;
				MTL_FAST_MATH = YES;
				ONLY_ACTIVE_ARCH = YES;
				SDKROOT = iphoneos;
				SWIFT_ACTIVE_COMPILATION_CONDITIONS = DEBUG;
				SWIFT_OPTIMIZATION_LEVEL = "-Onone";
			};
			name = Debug;
		};
		7063DF562174C8BC003CBFDE /* Release */ = {
			isa = XCBuildConfiguration;
			buildSettings = {
				ALWAYS_SEARCH_USER_PATHS = NO;
				CLANG_ANALYZER_NONNULL = YES;
				CLANG_ANALYZER_NUMBER_OBJECT_CONVERSION = YES_AGGRESSIVE;
				CLANG_CXX_LANGUAGE_STANDARD = "gnu++14";
				CLANG_CXX_LIBRARY = "libc++";
				CLANG_ENABLE_MODULES = YES;
				CLANG_ENABLE_OBJC_ARC = YES;
				CLANG_ENABLE_OBJC_WEAK = YES;
				CLANG_WARN_BLOCK_CAPTURE_AUTORELEASING = YES;
				CLANG_WARN_BOOL_CONVERSION = YES;
				CLANG_WARN_COMMA = YES;
				CLANG_WARN_CONSTANT_CONVERSION = YES;
				CLANG_WARN_DEPRECATED_OBJC_IMPLEMENTATIONS = YES;
				CLANG_WARN_DIRECT_OBJC_ISA_USAGE = YES_ERROR;
				CLANG_WARN_DOCUMENTATION_COMMENTS = YES;
				CLANG_WARN_EMPTY_BODY = YES;
				CLANG_WARN_ENUM_CONVERSION = YES;
				CLANG_WARN_INFINITE_RECURSION = YES;
				CLANG_WARN_INT_CONVERSION = YES;
				CLANG_WARN_NON_LITERAL_NULL_CONVERSION = YES;
				CLANG_WARN_OBJC_IMPLICIT_RETAIN_SELF = YES;
				CLANG_WARN_OBJC_LITERAL_CONVERSION = YES;
				CLANG_WARN_OBJC_ROOT_CLASS = YES_ERROR;
				CLANG_WARN_RANGE_LOOP_ANALYSIS = YES;
				CLANG_WARN_STRICT_PROTOTYPES = YES;
				CLANG_WARN_SUSPICIOUS_MOVE = YES;
				CLANG_WARN_UNGUARDED_AVAILABILITY = YES_AGGRESSIVE;
				CLANG_WARN_UNREACHABLE_CODE = YES;
				CLANG_WARN__DUPLICATE_METHOD_MATCH = YES;
				CODE_SIGN_IDENTITY = "iPhone Developer";
				COPY_PHASE_STRIP = NO;
				DEBUG_INFORMATION_FORMAT = "dwarf-with-dsym";
				ENABLE_NS_ASSERTIONS = NO;
				ENABLE_STRICT_OBJC_MSGSEND = YES;
				GCC_C_LANGUAGE_STANDARD = gnu11;
				GCC_NO_COMMON_BLOCKS = YES;
				GCC_WARN_64_TO_32_BIT_CONVERSION = YES;
				GCC_WARN_ABOUT_RETURN_TYPE = YES_ERROR;
				GCC_WARN_UNDECLARED_SELECTOR = YES;
				GCC_WARN_UNINITIALIZED_AUTOS = YES_AGGRESSIVE;
				GCC_WARN_UNUSED_FUNCTION = YES;
				GCC_WARN_UNUSED_VARIABLE = YES;
				IPHONEOS_DEPLOYMENT_TARGET = 12.0;
				MTL_ENABLE_DEBUG_INFO = NO;
				MTL_FAST_MATH = YES;
				SDKROOT = iphoneos;
				SWIFT_COMPILATION_MODE = wholemodule;
				SWIFT_OPTIMIZATION_LEVEL = "-O";
				VALIDATE_PRODUCT = YES;
			};
			name = Release;
		};
		7063DF582174C8BC003CBFDE /* Debug */ = {
			isa = XCBuildConfiguration;
			buildSettings = {
				ASSETCATALOG_COMPILER_APPICON_NAME = AppIcon;
				CODE_SIGN_STYLE = Automatic;
				INFOPLIST_FILE = GitHubTesti/Info.plist;
				LD_RUNPATH_SEARCH_PATHS = (
					"$(inherited)",
					"@executable_path/Frameworks",
				);
				PRODUCT_BUNDLE_IDENTIFIER = com.mtlapps.dashPlayer.GitHubTesti;
				PRODUCT_NAME = "$(TARGET_NAME)";
				SWIFT_VERSION = 4.2;
				TARGETED_DEVICE_FAMILY = "1,2";
			};
			name = Debug;
		};
		7063DF592174C8BC003CBFDE /* Release */ = {
			isa = XCBuildConfiguration;
			buildSettings = {
				ASSETCATALOG_COMPILER_APPICON_NAME = AppIcon;
				CODE_SIGN_STYLE = Automatic;
				INFOPLIST_FILE = GitHubTesti/Info.plist;
				LD_RUNPATH_SEARCH_PATHS = (
					"$(inherited)",
					"@executable_path/Frameworks",
				);
				PRODUCT_BUNDLE_IDENTIFIER = com.mtlapps.dashPlayer.GitHubTesti;
				PRODUCT_NAME = "$(TARGET_NAME)";
				SWIFT_VERSION = 4.2;
				TARGETED_DEVICE_FAMILY = "1,2";
			};
			name = Release;
		};
		7063DF5B2174C8BC003CBFDE /* Debug */ = {
			isa = XCBuildConfiguration;
			buildSettings = {
				ALWAYS_EMBED_SWIFT_STANDARD_LIBRARIES = YES;
				BUNDLE_LOADER = "$(TEST_HOST)";
				CODE_SIGN_STYLE = Automatic;
				INFOPLIST_FILE = GitHubTestiTests/Info.plist;
				LD_RUNPATH_SEARCH_PATHS = (
					"$(inherited)",
					"@executable_path/Frameworks",
					"@loader_path/Frameworks",
				);
				PRODUCT_BUNDLE_IDENTIFIER = com.mtlapps.dashPlayer.GitHubTestiTests;
				PRODUCT_NAME = "$(TARGET_NAME)";
				SWIFT_VERSION = 4.2;
				TARGETED_DEVICE_FAMILY = "1,2";
				TEST_HOST = "$(BUILT_PRODUCTS_DIR)/GitHubTesti.app/GitHubTesti";
			};
			name = Debug;
		};
		7063DF5C2174C8BC003CBFDE /* Release */ = {
			isa = XCBuildConfiguration;
			buildSettings = {
				ALWAYS_EMBED_SWIFT_STANDARD_LIBRARIES = YES;
				BUNDLE_LOADER = "$(TEST_HOST)";
				CODE_SIGN_STYLE = Automatic;
				INFOPLIST_FILE = GitHubTestiTests/Info.plist;
				LD_RUNPATH_SEARCH_PATHS = (
					"$(inherited)",
					"@executable_path/Frameworks",
					"@loader_path/Frameworks",
				);
				PRODUCT_BUNDLE_IDENTIFIER = com.mtlapps.dashPlayer.GitHubTestiTests;
				PRODUCT_NAME = "$(TARGET_NAME)";
				SWIFT_VERSION = 4.2;
				TARGETED_DEVICE_FAMILY = "1,2";
				TEST_HOST = "$(BUILT_PRODUCTS_DIR)/GitHubTesti.app/GitHubTesti";
			};
			name = Release;
		};
		7063DF5E2174C8BC003CBFDE /* Debug */ = {
			isa = XCBuildConfiguration;
			buildSettings = {
				ALWAYS_EMBED_SWIFT_STANDARD_LIBRARIES = YES;
				CODE_SIGN_STYLE = Automatic;
				INFOPLIST_FILE = GitHubTestiUITests/Info.plist;
				LD_RUNPATH_SEARCH_PATHS = (
					"$(inherited)",
					"@executable_path/Frameworks",
					"@loader_path/Frameworks",
				);
				PRODUCT_BUNDLE_IDENTIFIER = com.mtlapps.dashPlayer.GitHubTestiUITests;
				PRODUCT_NAME = "$(TARGET_NAME)";
				SWIFT_VERSION = 4.2;
				TARGETED_DEVICE_FAMILY = "1,2";
				TEST_TARGET_NAME = GitHubTesti;
			};
			name = Debug;
		};
		7063DF5F2174C8BC003CBFDE /* Release */ = {
			isa = XCBuildConfiguration;
			buildSettings = {
				ALWAYS_EMBED_SWIFT_STANDARD_LIBRARIES = YES;
				CODE_SIGN_STYLE = Automatic;
				INFOPLIST_FILE = GitHubTestiUITests/Info.plist;
				LD_RUNPATH_SEARCH_PATHS = (
					"$(inherited)",
					"@executable_path/Frameworks",
					"@loader_path/Frameworks",
				);
				PRODUCT_BUNDLE_IDENTIFIER = com.mtlapps.dashPlayer.GitHubTestiUITests;
				PRODUCT_NAME = "$(TARGET_NAME)";
				SWIFT_VERSION = 4.2;
				TARGETED_DEVICE_FAMILY = "1,2";
				TEST_TARGET_NAME = GitHubTesti;
			};
			name = Release;
		};
/* End XCBuildConfiguration section */

/* Begin XCConfigurationList section */
		7063DF2A2174C8B3003CBFDE /* Build configuration list for PBXProject "GitHubTesti" */ = {
			isa = XCConfigurationList;
			buildConfigurations = (
				7063DF552174C8BC003CBFDE /* Debug */,
				7063DF562174C8BC003CBFDE /* Release */,
			);
			defaultConfigurationIsVisible = 0;
			defaultConfigurationName = Release;
		};
		7063DF572174C8BC003CBFDE /* Build configuration list for PBXNativeTarget "GitHubTesti" */ = {
			isa = XCConfigurationList;
			buildConfigurations = (
				7063DF582174C8BC003CBFDE /* Debug */,
				7063DF592174C8BC003CBFDE /* Release */,
			);
			defaultConfigurationIsVisible = 0;
			defaultConfigurationName = Release;
		};
		7063DF5A2174C8BC003CBFDE /* Build configuration list for PBXNativeTarget "GitHubTestiTests" */ = {
			isa = XCConfigurationList;
			buildConfigurations = (
				7063DF5B2174C8BC003CBFDE /* Debug */,
				7063DF5C2174C8BC003CBFDE /* Release */,
			);
			defaultConfigurationIsVisible = 0;
			defaultConfigurationName = Release;
		};
		7063DF5D2174C8BC003CBFDE /* Build configuration list for PBXNativeTarget "GitHubTestiUITests" */ = {
			isa = XCConfigurationList;
			buildConfigurations = (
				7063DF5E2174C8BC003CBFDE /* Debug */,
				7063DF5F2174C8BC003CBFDE /* Release */,
			);
			defaultConfigurationIsVisible = 0;
			defaultConfigurationName = Release;
		};
/* End XCConfigurationList section */
	};
	rootObject = 7063DF272174C8B3003CBFDE /* Project object */;
}
